
Microsoft Visual Studio Solution File, Format Version 12.00
# Visual Studio Version 17
VisualStudioVersion = 17.6.33815.320
MinimumVisualStudioVersion = 10.0.40219.1
Project("{FAE04EC0-301F-11D3-BF4B-00C04F79EFBC}") = "project 1", "project 1.csproj", "{3748E6E3-B52E-41C0-82A4-9966C9F3A06A}"
EndProject
Global
	GlobalSection(SolutionConfigurationPlatforms) = preSolution
		Debug|Any CPU = Debug|Any CPU
		Release|Any CPU = Release|Any CPU
	EndGlobalSection
	GlobalSection(ProjectConfigurationPlatforms) = postSolution
		{3748E6E3-B52E-41C0-82A4-9966C9F3A06A}.Debug|Any CPU.ActiveCfg = Debug|Any CPU
		{3748E6E3-B52E-41C0-82A4-9966C9F3A06A}.Debug|Any CPU.Build.0 = Debug|Any CPU
		{3748E6E3-B52E-41C0-82A4-9966C9F3A06A}.Release|Any CPU.ActiveCfg = Release|Any CPU
		{3748E6E3-B52E-41C0-82A4-9966C9F3A06A}.Release|Any CPU.Build.0 = Release|Any CPU
	EndGlobalSection
	GlobalSection(SolutionProperties) = preSolution
		HideSolutionNode = FALSE
	EndGlobalSection
	GlobalSection(ExtensibilityGlobals) = postSolution
		SolutionGuid = {093BE86F-2D96-4EBE-B2F6-04AFC2A0F6D2}
	EndGlobalSection
EndGlobal
